
Microsoft Visual Studio Solution File, Format Version 12.00
# Visual Studio Version 16
VisualStudioVersion = 16.0.31424.327
MinimumVisualStudioVersion = 10.0.40219.1
Project("{FAE04EC0-301F-11D3-BF4B-00C04F79EFBC}") = "FontViewer", "FontViewer\FontViewer.csproj", "{63FADB4A-5597-45A8-89EC-C642EE7BD95D}"
EndProject
Project("{FAE04EC0-301F-11D3-BF4B-00C04F79EFBC}") = "FuckAround", "FuckAround\FuckAround.csproj", "{D2E94B6A-F4FF-450D-8D1E-D673DE435644}"
EndProject
Project("{FAE04EC0-301F-11D3-BF4B-00C04F79EFBC}") = "AlighmentAndMargin", "AlighmentAndMargin\AlighmentAndMargin.csproj", "{B0118511-24FF-4FF8-997F-3A7D43535A8A}"
EndProject
Project("{FAE04EC0-301F-11D3-BF4B-00C04F79EFBC}") = "UseAGrid", "UseAGrid\UseAGrid.csproj", "{6D801EAF-70CD-4203-99C6-5B72096A8F28}"
EndProject
Project("{FAE04EC0-301F-11D3-BF4B-00C04F79EFBC}") = "UsingDecorators", "UsingDecorators\UsingDecorators.csproj", "{C136E6B7-0FE7-4C4B-AEFC-FD98D3FC8370}"
EndProject
Project("{FAE04EC0-301F-11D3-BF4B-00C04F79EFBC}") = "SimpleContactForm", "SimpleContactForm\SimpleContactForm.csproj", "{661C4CBF-9306-4EDA-BCD3-88D861E9F9F0}"
EndProject
Project("{FAE04EC0-301F-11D3-BF4B-00C04F79EFBC}") = "BindingTest", "BindingTest\BindingTest.csproj", "{AC7701F5-A5BB-41C9-A04B-F9B04454D5CD}"
EndProject
Project("{FAE04EC0-301F-11D3-BF4B-00C04F79EFBC}") = "AutomaticChangeNotification", "AutomaticChangeNotification\AutomaticChangeNotification.csproj", "{70D2E91A-64C5-4FB6-A7D6-92AF8230F6D8}"
EndProject
Project("{FAE04EC0-301F-11D3-BF4B-00C04F79EFBC}") = "TextEditor", "TextEditor\TextEditor.csproj", "{E2E2D71B-7E4C-4EFA-84ED-1CEB336B6A95}"
EndProject
Project("{9A19103F-16F7-4668-BE54-9A1E7A4F7556}") = "SystemWatcherTest", "SystemWatcherTest\SystemWatcherTest.csproj", "{43E9C794-55EC-49B1-BD9E-A2D4F0AC0E85}"
EndProject
Project("{FAE04EC0-301F-11D3-BF4B-00C04F79EFBC}") = "UnderstandingRoutedEventArgs", "UnderstandingRoutedEventArgs\UnderstandingRoutedEventArgs.csproj", "{5E1FE314-D5AC-403F-8815-5E32BD62E93F}"
EndProject
Project("{FAE04EC0-301F-11D3-BF4B-00C04F79EFBC}") = "GenericEventHandler", "GenericEventHandler\GenericEventHandler.csproj", "{753DB6CC-0CD9-41B1-BB25-2619004FA898}"
EndProject
Project("{FAE04EC0-301F-11D3-BF4B-00C04F79EFBC}") = "PreviewEvents", "PreviewEvents\PreviewEvents.csproj", "{06849A0E-5D27-43C6-A964-ADC31F0ED269}"
EndProject
Project("{9A19103F-16F7-4668-BE54-9A1E7A4F7556}") = "FileSystemWatcher2", "FileSystemWatcher2\FileSystemWatcher2.csproj", "{0091C6AD-E1E8-4E16-AF9D-E83AF236026F}"
EndProject
Project("{FAE04EC0-301F-11D3-BF4B-00C04F79EFBC}") = "ContactManager", "ContactManager\ContactManager.csproj", "{A23DF89C-0B32-4327-87D4-B7D402321ABF}"
EndProject
Global
	GlobalSection(SolutionConfigurationPlatforms) = preSolution
		Debug|Any CPU = Debug|Any CPU
		Release|Any CPU = Release|Any CPU
	EndGlobalSection
	GlobalSection(ProjectConfigurationPlatforms) = postSolution
		{63FADB4A-5597-45A8-89EC-C642EE7BD95D}.Debug|Any CPU.ActiveCfg = Debug|Any CPU
		{63FADB4A-5597-45A8-89EC-C642EE7BD95D}.Debug|Any CPU.Build.0 = Debug|Any CPU
		{63FADB4A-5597-45A8-89EC-C642EE7BD95D}.Release|Any CPU.ActiveCfg = Release|Any CPU
		{63FADB4A-5597-45A8-89EC-C642EE7BD95D}.Release|Any CPU.Build.0 = Release|Any CPU
		{D2E94B6A-F4FF-450D-8D1E-D673DE435644}.Debug|Any CPU.ActiveCfg = Debug|Any CPU
		{D2E94B6A-F4FF-450D-8D1E-D673DE435644}.Debug|Any CPU.Build.0 = Debug|Any CPU
		{D2E94B6A-F4FF-450D-8D1E-D673DE435644}.Release|Any CPU.ActiveCfg = Release|Any CPU
		{D2E94B6A-F4FF-450D-8D1E-D673DE435644}.Release|Any CPU.Build.0 = Release|Any CPU
		{B0118511-24FF-4FF8-997F-3A7D43535A8A}.Debug|Any CPU.ActiveCfg = Debug|Any CPU
		{B0118511-24FF-4FF8-997F-3A7D43535A8A}.Debug|Any CPU.Build.0 = Debug|Any CPU
		{B0118511-24FF-4FF8-997F-3A7D43535A8A}.Release|Any CPU.ActiveCfg = Release|Any CPU
		{B0118511-24FF-4FF8-997F-3A7D43535A8A}.Release|Any CPU.Build.0 = Release|Any CPU
		{6D801EAF-70CD-4203-99C6-5B72096A8F28}.Debug|Any CPU.ActiveCfg = Debug|Any CPU
		{6D801EAF-70CD-4203-99C6-5B72096A8F28}.Debug|Any CPU.Build.0 = Debug|Any CPU
		{6D801EAF-70CD-4203-99C6-5B72096A8F28}.Release|Any CPU.ActiveCfg = Release|Any CPU
		{6D801EAF-70CD-4203-99C6-5B72096A8F28}.Release|Any CPU.Build.0 = Release|Any CPU
		{C136E6B7-0FE7-4C4B-AEFC-FD98D3FC8370}.Debug|Any CPU.ActiveCfg = Debug|Any CPU
		{C136E6B7-0FE7-4C4B-AEFC-FD98D3FC8370}.Debug|Any CPU.Build.0 = Debug|Any CPU
		{C136E6B7-0FE7-4C4B-AEFC-FD98D3FC8370}.Release|Any CPU.ActiveCfg = Release|Any CPU
		{C136E6B7-0FE7-4C4B-AEFC-FD98D3FC8370}.Release|Any CPU.Build.0 = Release|Any CPU
		{661C4CBF-9306-4EDA-BCD3-88D861E9F9F0}.Debug|Any CPU.ActiveCfg = Debug|Any CPU
		{661C4CBF-9306-4EDA-BCD3-88D861E9F9F0}.Debug|Any CPU.Build.0 = Debug|Any CPU
		{661C4CBF-9306-4EDA-BCD3-88D861E9F9F0}.Release|Any CPU.ActiveCfg = Release|Any CPU
		{661C4CBF-9306-4EDA-BCD3-88D861E9F9F0}.Release|Any CPU.Build.0 = Release|Any CPU
		{AC7701F5-A5BB-41C9-A04B-F9B04454D5CD}.Debug|Any CPU.ActiveCfg = Debug|Any CPU
		{AC7701F5-A5BB-41C9-A04B-F9B04454D5CD}.Debug|Any CPU.Build.0 = Debug|Any CPU
		{AC7701F5-A5BB-41C9-A04B-F9B04454D5CD}.Release|Any CPU.ActiveCfg = Release|Any CPU
		{AC7701F5-A5BB-41C9-A04B-F9B04454D5CD}.Release|Any CPU.Build.0 = Release|Any CPU
		{70D2E91A-64C5-4FB6-A7D6-92AF8230F6D8}.Debug|Any CPU.ActiveCfg = Debug|Any CPU
		{70D2E91A-64C5-4FB6-A7D6-92AF8230F6D8}.Debug|Any CPU.Build.0 = Debug|Any CPU
		{70D2E91A-64C5-4FB6-A7D6-92AF8230F6D8}.Release|Any CPU.ActiveCfg = Release|Any CPU
		{70D2E91A-64C5-4FB6-A7D6-92AF8230F6D8}.Release|Any CPU.Build.0 = Release|Any CPU
		{E2E2D71B-7E4C-4EFA-84ED-1CEB336B6A95}.Debug|Any CPU.ActiveCfg = Debug|Any CPU
		{E2E2D71B-7E4C-4EFA-84ED-1CEB336B6A95}.Debug|Any CPU.Build.0 = Debug|Any CPU
		{E2E2D71B-7E4C-4EFA-84ED-1CEB336B6A95}.Release|Any CPU.ActiveCfg = Release|Any CPU
		{E2E2D71B-7E4C-4EFA-84ED-1CEB336B6A95}.Release|Any CPU.Build.0 = Release|Any CPU
		{43E9C794-55EC-49B1-BD9E-A2D4F0AC0E85}.Debug|Any CPU.ActiveCfg = Debug|Any CPU
		{43E9C794-55EC-49B1-BD9E-A2D4F0AC0E85}.Debug|Any CPU.Build.0 = Debug|Any CPU
		{43E9C794-55EC-49B1-BD9E-A2D4F0AC0E85}.Release|Any CPU.ActiveCfg = Release|Any CPU
		{43E9C794-55EC-49B1-BD9E-A2D4F0AC0E85}.Release|Any CPU.Build.0 = Release|Any CPU
		{5E1FE314-D5AC-403F-8815-5E32BD62E93F}.Debug|Any CPU.ActiveCfg = Debug|Any CPU
		{5E1FE314-D5AC-403F-8815-5E32BD62E93F}.Debug|Any CPU.Build.0 = Debug|Any CPU
		{5E1FE314-D5AC-403F-8815-5E32BD62E93F}.Release|Any CPU.ActiveCfg = Release|Any CPU
		{5E1FE314-D5AC-403F-8815-5E32BD62E93F}.Release|Any CPU.Build.0 = Release|Any CPU
		{753DB6CC-0CD9-41B1-BB25-2619004FA898}.Debug|Any CPU.ActiveCfg = Debug|Any CPU
		{753DB6CC-0CD9-41B1-BB25-2619004FA898}.Debug|Any CPU.Build.0 = Debug|Any CPU
		{753DB6CC-0CD9-41B1-BB25-2619004FA898}.Release|Any CPU.ActiveCfg = Release|Any CPU
		{753DB6CC-0CD9-41B1-BB25-2619004FA898}.Release|Any CPU.Build.0 = Release|Any CPU
		{06849A0E-5D27-43C6-A964-ADC31F0ED269}.Debug|Any CPU.ActiveCfg = Debug|Any CPU
		{06849A0E-5D27-43C6-A964-ADC31F0ED269}.Debug|Any CPU.Build.0 = Debug|Any CPU
		{06849A0E-5D27-43C6-A964-ADC31F0ED269}.Release|Any CPU.ActiveCfg = Release|Any CPU
		{06849A0E-5D27-43C6-A964-ADC31F0ED269}.Release|Any CPU.Build.0 = Release|Any CPU
		{0091C6AD-E1E8-4E16-AF9D-E83AF236026F}.Debug|Any CPU.ActiveCfg = Debug|Any CPU
		{0091C6AD-E1E8-4E16-AF9D-E83AF236026F}.Debug|Any CPU.Build.0 = Debug|Any CPU
		{0091C6AD-E1E8-4E16-AF9D-E83AF236026F}.Release|Any CPU.ActiveCfg = Release|Any CPU
		{0091C6AD-E1E8-4E16-AF9D-E83AF236026F}.Release|Any CPU.Build.0 = Release|Any CPU
		{A23DF89C-0B32-4327-87D4-B7D402321ABF}.Debug|Any CPU.ActiveCfg = Debug|Any CPU
		{A23DF89C-0B32-4327-87D4-B7D402321ABF}.Debug|Any CPU.Build.0 = Debug|Any CPU
		{A23DF89C-0B32-4327-87D4-B7D402321ABF}.Release|Any CPU.ActiveCfg = Release|Any CPU
		{A23DF89C-0B32-4327-87D4-B7D402321ABF}.Release|Any CPU.Build.0 = Release|Any CPU
	EndGlobalSection
	GlobalSection(SolutionProperties) = preSolution
		HideSolutionNode = FALSE
	EndGlobalSection
	GlobalSection(ExtensibilityGlobals) = postSolution
		SolutionGuid = {C8819BA9-505E-462C-8627-78ED56BB6C02}
	EndGlobalSection
EndGlobal
